
Microsoft Visual Studio Solution File, Format Version 12.00
# Visual Studio 2013
VisualStudioVersion = 12.0.21005.1
MinimumVisualStudioVersion = 10.0.40219.1
Project("{2150E333-8FDC-42A3-9474-1A3956D46DE8}") = "nuget-install", "nuget-install", "{DD3376D7-2F58-4C76-AE38-64766D7B4F5E}"
	ProjectSection(SolutionItems) = preProject
		nuget-install\NuGet_Install_MetaRunner.xml = nuget-install\NuGet_Install_MetaRunner.xml
		nuget-install\runner.ps1 = nuget-install\runner.ps1
	EndProjectSection
EndProject
Project("{2150E333-8FDC-42A3-9474-1A3956D46DE8}") = "psget", "psget", "{F264F6A4-A172-43DE-BA93-B9571619F317}"
	ProjectSection(SolutionItems) = preProject
		psget\PSGet_MetaRunner.xml = psget\PSGet_MetaRunner.xml
		psget\runner.ps1 = psget\runner.ps1
	EndProjectSection
EndProject
Project("{2150E333-8FDC-42A3-9474-1A3956D46DE8}") = "semver-buildnumber", "semver-buildnumber", "{6A0A7955-DAC3-4FBE-B6EA-CC5DDD60407A}"
	ProjectSection(SolutionItems) = preProject
		semver-buildnumber\_TestContext.ps1 = semver-buildnumber\_TestContext.ps1
		semver-buildnumber\runner.ps1 = semver-buildnumber\runner.ps1
		semver-buildnumber\runner.tests.ps1 = semver-buildnumber\runner.tests.ps1
		semver-buildnumber\SemVer_BuildNumber.xml = semver-buildnumber\SemVer_BuildNumber.xml
		semver-buildnumber\template.nuspec = semver-buildnumber\template.nuspec
	EndProjectSection
EndProject
Project("{2150E333-8FDC-42A3-9474-1A3956D46DE8}") = "psbuild", "psbuild", "{D7950C95-6E85-4A5B-9587-BD95A2162139}"
	ProjectSection(SolutionItems) = preProject
		psbuild\_Pester.ps1 = psbuild\_Pester.ps1
		psbuild\_TestContext.ps1 = psbuild\_TestContext.ps1
		psbuild\AssemblyInfo.cs = psbuild\AssemblyInfo.cs
		psbuild\MRPP_PSBuild.xml = psbuild\MRPP_PSBuild.xml
		psbuild\runner.ps1 = psbuild\runner.ps1
		psbuild\runner.tests.ps1 = psbuild\runner.tests.ps1
	EndProjectSection
EndProject
Global
	GlobalSection(SolutionProperties) = preSolution
		HideSolutionNode = FALSE
	EndGlobalSection
EndGlobal
